// !$*UTF8*$!
{
	archiveVersion = 1;
	classes = {
	};
	objectVersion = 56;
	objects = {

/* Begin PBXBuildFile section */
		100000000000000000000101 /* App.swift in Sources */ = {isa = PBXBuildFile; fileRef = 100000000000000000000001 /* App.swift */; };
		100000000000000000000102 /* ContentView.swift in Sources */ = {isa = PBXBuildFile; fileRef = 100000000000000000000002 /* ContentView.swift */; };
		100000000000000000000103 /* JSONValue.swift in Sources */ = {isa = PBXBuildFile; fileRef = 100000000000000000000003 /* JSONValue.swift */; };
		100000000000000000000104 /* QobuzModels.swift in Sources */ = {isa = PBXBuildFile; fileRef = 100000000000000000000004 /* QobuzModels.swift */; };
		100000000000000000000105 /* QobuzURLParser.swift in Sources */ = {isa = PBXBuildFile; fileRef = 100000000000000000000005 /* QobuzURLParser.swift */; };
		100000000000000000000106 /* RuntimeLocator.swift in Sources */ = {isa = PBXBuildFile; fileRef = 100000000000000000000006 /* RuntimeLocator.swift */; };
		100000000000000000000107 /* QobuzAPI.swift in Sources */ = {isa = PBXBuildFile; fileRef = 100000000000000000000007 /* QobuzAPI.swift */; };
		100000000000000000000108 /* OrpheusRunner.swift in Sources */ = {isa = PBXBuildFile; fileRef = 100000000000000000000008 /* OrpheusRunner.swift */; };
		100000000000000000000109 /* MainViewModel.swift in Sources */ = {isa = PBXBuildFile; fileRef = 100000000000000000000009 /* MainViewModel.swift */; };
		10000000000000000000010A /* URLInputView.swift in Sources */ = {isa = PBXBuildFile; fileRef = 10000000000000000000000A /* URLInputView.swift */; };
		10000000000000000000010B /* PreviewViews.swift in Sources */ = {isa = PBXBuildFile; fileRef = 10000000000000000000000B /* PreviewViews.swift */; };
		10000000000000000000010C /* DownloadViews.swift in Sources */ = {isa = PBXBuildFile; fileRef = 10000000000000000000000C /* DownloadViews.swift */; };
		10000000000000000000010D /* SettingsView.swift in Sources */ = {isa = PBXBuildFile; fileRef = 10000000000000000000000D /* SettingsView.swift */; };
		200000000000000000000101 /* URLParserTests.swift in Sources */ = {isa = PBXBuildFile; fileRef = 200000000000000000000001 /* URLParserTests.swift */; };
		200000000000000000000102 /* SettingsStoreTests.swift in Sources */ = {isa = PBXBuildFile; fileRef = 200000000000000000000002 /* SettingsStoreTests.swift */; };
		200000000000000000000103 /* OrpheusRunnerTests.swift in Sources */ = {isa = PBXBuildFile; fileRef = 200000000000000000000003 /* OrpheusRunnerTests.swift */; };
		100000000000000000000969 /* SearchContentView.swift in Sources */ = {isa = PBXBuildFile; fileRef = 100000000000000000000905 /* SearchContentView.swift */; };
		10000000000000000000096A /* SearchResultsView.swift in Sources */ = {isa = PBXBuildFile; fileRef = 100000000000000000000906 /* SearchResultsView.swift */; };
		10000000000000000000096B /* ArtistDetailView.swift in Sources */ = {isa = PBXBuildFile; fileRef = 100000000000000000000907 /* ArtistDetailView.swift */; };
		10000000000000000000096C /* AlbumDetailView.swift in Sources */ = {isa = PBXBuildFile; fileRef = 100000000000000000000908 /* AlbumDetailView.swift */; };
		10000000000000000000096D /* NativeAppServices.swift in Sources */ = {isa = PBXBuildFile; fileRef = 100000000000000000000909 /* NativeAppServices.swift */; };
		10000000000000000000096E /* FeatureServices.swift in Sources */ = {isa = PBXBuildFile; fileRef = 10000000000000000000090A /* FeatureServices.swift */; };
		10000000000000000000096F /* AppStateModels.swift in Sources */ = {isa = PBXBuildFile; fileRef = 10000000000000000000090B /* AppStateModels.swift */; };
		100000000000000000000970 /* DownloadOutputServices.swift in Sources */ = {isa = PBXBuildFile; fileRef = 10000000000000000000090C /* DownloadOutputServices.swift */; };
/* End PBXBuildFile section */

/* Begin PBXContainerItemProxy section */
		200000000000000000000301 /* PBXContainerItemProxy */ = {
			isa = PBXContainerItemProxy;
			containerPortal = 100000000000000000000801 /* Project object */;
			proxyType = 1;
			remoteGlobalIDString = 100000000000000000000501;
			remoteInfo = OrpheusUI;
		};
/* End PBXContainerItemProxy section */

/* Begin PBXFileReference section */
		100000000000000000000001 /* App.swift */ = {isa = PBXFileReference; lastKnownFileType = sourcecode.swift; path = App.swift; sourceTree = "<group>"; };
		100000000000000000000002 /* ContentView.swift */ = {isa = PBXFileReference; lastKnownFileType = sourcecode.swift; path = ContentView.swift; sourceTree = "<group>"; };
		100000000000000000000003 /* JSONValue.swift */ = {isa = PBXFileReference; lastKnownFileType = sourcecode.swift; path = JSONValue.swift; sourceTree = "<group>"; };
		100000000000000000000004 /* QobuzModels.swift */ = {isa = PBXFileReference; lastKnownFileType = sourcecode.swift; path = QobuzModels.swift; sourceTree = "<group>"; };
		100000000000000000000005 /* QobuzURLParser.swift */ = {isa = PBXFileReference; lastKnownFileType = sourcecode.swift; path = QobuzURLParser.swift; sourceTree = "<group>"; };
		100000000000000000000006 /* RuntimeLocator.swift */ = {isa = PBXFileReference; lastKnownFileType = sourcecode.swift; path = RuntimeLocator.swift; sourceTree = "<group>"; };
		100000000000000000000007 /* QobuzAPI.swift */ = {isa = PBXFileReference; lastKnownFileType = sourcecode.swift; path = QobuzAPI.swift; sourceTree = "<group>"; };
		100000000000000000000008 /* OrpheusRunner.swift */ = {isa = PBXFileReference; lastKnownFileType = sourcecode.swift; path = OrpheusRunner.swift; sourceTree = "<group>"; };
		100000000000000000000009 /* MainViewModel.swift */ = {isa = PBXFileReference; lastKnownFileType = sourcecode.swift; path = MainViewModel.swift; sourceTree = "<group>"; };
		10000000000000000000000A /* URLInputView.swift */ = {isa = PBXFileReference; lastKnownFileType = sourcecode.swift; path = URLInputView.swift; sourceTree = "<group>"; };
		10000000000000000000000B /* PreviewViews.swift */ = {isa = PBXFileReference; lastKnownFileType = sourcecode.swift; path = PreviewViews.swift; sourceTree = "<group>"; };
		10000000000000000000000C /* DownloadViews.swift */ = {isa = PBXFileReference; lastKnownFileType = sourcecode.swift; path = DownloadViews.swift; sourceTree = "<group>"; };
		10000000000000000000000D /* SettingsView.swift */ = {isa = PBXFileReference; lastKnownFileType = sourcecode.swift; path = SettingsView.swift; sourceTree = "<group>"; };
		100000000000000000000201 /* OrpheusUI.app */ = {isa = PBXFileReference; explicitFileType = wrapper.application; includeInIndex = 0; path = OrpheusUI.app; sourceTree = BUILT_PRODUCTS_DIR; };
		200000000000000000000001 /* URLParserTests.swift */ = {isa = PBXFileReference; lastKnownFileType = sourcecode.swift; path = URLParserTests.swift; sourceTree = "<group>"; };
		200000000000000000000002 /* SettingsStoreTests.swift */ = {isa = PBXFileReference; lastKnownFileType = sourcecode.swift; path = SettingsStoreTests.swift; sourceTree = "<group>"; };
		200000000000000000000003 /* OrpheusRunnerTests.swift */ = {isa = PBXFileReference; lastKnownFileType = sourcecode.swift; path = OrpheusRunnerTests.swift; sourceTree = "<group>"; };
		200000000000000000000201 /* OrpheusUITests.xctest */ = {isa = PBXFileReference; explicitFileType = wrapper.cfbundle; includeInIndex = 0; path = OrpheusUITests.xctest; sourceTree = BUILT_PRODUCTS_DIR; };
		100000000000000000000905 /* SearchContentView.swift */ = {isa = PBXFileReference; lastKnownFileType = sourcecode.swift; path = "SearchContentView.swift"; sourceTree = "<group>"; };
		100000000000000000000906 /* SearchResultsView.swift */ = {isa = PBXFileReference; lastKnownFileType = sourcecode.swift; path = "SearchResultsView.swift"; sourceTree = "<group>"; };
		100000000000000000000907 /* ArtistDetailView.swift */ = {isa = PBXFileReference; lastKnownFileType = sourcecode.swift; path = "ArtistDetailView.swift"; sourceTree = "<group>"; };
		100000000000000000000908 /* AlbumDetailView.swift */ = {isa = PBXFileReference; lastKnownFileType = sourcecode.swift; path = "AlbumDetailView.swift"; sourceTree = "<group>"; };
		100000000000000000000909 /* NativeAppServices.swift */ = {isa = PBXFileReference; lastKnownFileType = sourcecode.swift; path = "NativeAppServices.swift"; sourceTree = "<group>"; };
		10000000000000000000090A /* FeatureServices.swift */ = {isa = PBXFileReference; lastKnownFileType = sourcecode.swift; path = "FeatureServices.swift"; sourceTree = "<group>"; };
		10000000000000000000090B /* AppStateModels.swift */ = {isa = PBXFileReference; lastKnownFileType = sourcecode.swift; path = "AppStateModels.swift"; sourceTree = "<group>"; };
		10000000000000000000090C /* DownloadOutputServices.swift */ = {isa = PBXFileReference; lastKnownFileType = sourcecode.swift; path = "DownloadOutputServices.swift"; sourceTree = "<group>"; };
/* End PBXFileReference section */

/* Begin PBXFrameworksBuildPhase section */
		100000000000000000000301 /* Frameworks */ = {
			isa = PBXFrameworksBuildPhase;
			buildActionMask = 2147483647;
			files = (
			);
			runOnlyForDeploymentPostprocessing = 0;
		};
		200000000000000000000401 /* Frameworks */ = {
			isa = PBXFrameworksBuildPhase;
			buildActionMask = 2147483647;
			files = (
			);
			runOnlyForDeploymentPostprocessing = 0;
		};
/* End PBXFrameworksBuildPhase section */

/* Begin PBXGroup section */
		100000000000000000000401 = {
			isa = PBXGroup;
			children = (
				100000000000000000000402 /* OrpheusUI */,
				200000000000000000000501 /* OrpheusUITests */,
				100000000000000000000403 /* Products */,
			);
			sourceTree = "<group>";
		};
		100000000000000000000402 /* OrpheusUI */ = {
			isa = PBXGroup;
			children = (
				100000000000000000000001 /* App.swift */,
				100000000000000000000002 /* ContentView.swift */,
				100000000000000000000404 /* Models */,
				100000000000000000000405 /* Services */,
				100000000000000000000406 /* ViewModels */,
				100000000000000000000407 /* Views */,
			);
			path = OrpheusUI;
			sourceTree = "<group>";
		};
		100000000000000000000403 /* Products */ = {
			isa = PBXGroup;
			children = (
				100000000000000000000201 /* OrpheusUI.app */,
				200000000000000000000201 /* OrpheusUITests.xctest */,
			);
			name = Products;
			sourceTree = "<group>";
		};
		200000000000000000000501 /* OrpheusUITests */ = {
			isa = PBXGroup;
			children = (
				200000000000000000000001 /* URLParserTests.swift */,
				200000000000000000000002 /* SettingsStoreTests.swift */,
				200000000000000000000003 /* OrpheusRunnerTests.swift */,
			);
			path = OrpheusUITests;
			sourceTree = "<group>";
		};
		100000000000000000000404 /* Models */ = {
			isa = PBXGroup;
			children = (
				100000000000000000000003 /* JSONValue.swift */,
				100000000000000000000004 /* QobuzModels.swift */,
				100000000000000000000005 /* QobuzURLParser.swift */,
				10000000000000000000090B /* AppStateModels.swift */,
			);
			path = Models;
			sourceTree = "<group>";
		};
		100000000000000000000405 /* Services */ = {
			isa = PBXGroup;
			children = (
				100000000000000000000006 /* RuntimeLocator.swift */,
				100000000000000000000007 /* QobuzAPI.swift */,
				100000000000000000000008 /* OrpheusRunner.swift */,
				100000000000000000000909 /* NativeAppServices.swift */,
				10000000000000000000090A /* FeatureServices.swift */,
				10000000000000000000090C /* DownloadOutputServices.swift */,
			);
			path = Services;
			sourceTree = "<group>";
		};
		100000000000000000000406 /* ViewModels */ = {
			isa = PBXGroup;
			children = (
				100000000000000000000009 /* MainViewModel.swift */,
			);
			path = ViewModels;
			sourceTree = "<group>";
		};
		100000000000000000000407 /* Views */ = {
			isa = PBXGroup;
			children = (
				10000000000000000000000A /* URLInputView.swift */,
				10000000000000000000000B /* PreviewViews.swift */,
				10000000000000000000000C /* DownloadViews.swift */,
				10000000000000000000000D /* SettingsView.swift */,
				100000000000000000000905 /* SearchContentView.swift */,
				100000000000000000000906 /* SearchResultsView.swift */,
				100000000000000000000907 /* ArtistDetailView.swift */,
				100000000000000000000908 /* AlbumDetailView.swift */,
			);
			path = Views;
			sourceTree = "<group>";
		};
/* End PBXGroup section */

/* Begin PBXNativeTarget section */
		100000000000000000000501 /* OrpheusUI */ = {
			isa = PBXNativeTarget;
			buildConfigurationList = 100000000000000000000701 /* Build configuration list for PBXNativeTarget "OrpheusUI" */;
			buildPhases = (
				100000000000000000000601 /* Sources */,
				100000000000000000000301 /* Frameworks */,
				100000000000000000000602 /* Resources */,
			);
			buildRules = (
			);
			dependencies = (
			);
			name = OrpheusUI;
			productName = OrpheusUI;
			productReference = 100000000000000000000201 /* OrpheusUI.app */;
			productType = "com.apple.product-type.application";
		};
		200000000000000000000601 /* OrpheusUITests */ = {
			isa = PBXNativeTarget;
			buildConfigurationList = 200000000000000000000901 /* Build configuration list for PBXNativeTarget "OrpheusUITests" */;
			buildPhases = (
				200000000000000000000701 /* Sources */,
				200000000000000000000401 /* Frameworks */,
				200000000000000000000702 /* Resources */,
			);
			buildRules = (
			);
			dependencies = (
				200000000000000000000801 /* PBXTargetDependency */,
			);
			name = OrpheusUITests;
			productName = OrpheusUITests;
			productReference = 200000000000000000000201 /* OrpheusUITests.xctest */;
			productType = "com.apple.product-type.bundle.unit-test";
		};
/* End PBXNativeTarget section */

/* Begin PBXProject section */
		100000000000000000000801 /* Project object */ = {
			isa = PBXProject;
			attributes = {
				BuildIndependentTargetsInParallel = 1;
				LastSwiftUpdateCheck = 2660;
				LastUpgradeCheck = 2660;
				TargetAttributes = {
					100000000000000000000501 = {
						CreatedOnToolsVersion = 26.6;
					};
					200000000000000000000601 = {
						CreatedOnToolsVersion = 26.6;
						TestTargetID = 100000000000000000000501;
					};
				};
			};
			buildConfigurationList = 100000000000000000000702 /* Build configuration list for PBXProject "OrpheusUI" */;
			compatibilityVersion = "Xcode 14.0";
			developmentRegion = en;
			hasScannedForEncodings = 0;
			knownRegions = (
				en,
				Base,
			);
			mainGroup = 100000000000000000000401;
			productRefGroup = 100000000000000000000403 /* Products */;
			projectDirPath = "";
			projectRoot = "";
			targets = (
				100000000000000000000501 /* OrpheusUI */,
				200000000000000000000601 /* OrpheusUITests */,
			);
		};
/* End PBXProject section */

/* Begin PBXResourcesBuildPhase section */
		100000000000000000000602 /* Resources */ = {
			isa = PBXResourcesBuildPhase;
			buildActionMask = 2147483647;
			files = (
			);
			runOnlyForDeploymentPostprocessing = 0;
		};
		200000000000000000000702 /* Resources */ = {
			isa = PBXResourcesBuildPhase;
			buildActionMask = 2147483647;
			files = (
			);
			runOnlyForDeploymentPostprocessing = 0;
		};
/* End PBXResourcesBuildPhase section */

/* Begin PBXSourcesBuildPhase section */
		100000000000000000000601 /* Sources */ = {
			isa = PBXSourcesBuildPhase;
			buildActionMask = 2147483647;
			files = (
				100000000000000000000101 /* App.swift in Sources */,
				100000000000000000000102 /* ContentView.swift in Sources */,
				100000000000000000000103 /* JSONValue.swift in Sources */,
				100000000000000000000104 /* QobuzModels.swift in Sources */,
				100000000000000000000105 /* QobuzURLParser.swift in Sources */,
				100000000000000000000106 /* RuntimeLocator.swift in Sources */,
				100000000000000000000107 /* QobuzAPI.swift in Sources */,
				100000000000000000000108 /* OrpheusRunner.swift in Sources */,
				100000000000000000000109 /* MainViewModel.swift in Sources */,
				10000000000000000000010A /* URLInputView.swift in Sources */,
				10000000000000000000010B /* PreviewViews.swift in Sources */,
				10000000000000000000010C /* DownloadViews.swift in Sources */,
				10000000000000000000010D /* SettingsView.swift in Sources */,
							100000000000000000000969 /* SearchContentView.swift in Sources */,
				10000000000000000000096A /* SearchResultsView.swift in Sources */,
				10000000000000000000096B /* ArtistDetailView.swift in Sources */,
				10000000000000000000096C /* AlbumDetailView.swift in Sources */,
				10000000000000000000096D /* NativeAppServices.swift in Sources */,
				10000000000000000000096E /* FeatureServices.swift in Sources */,
				10000000000000000000096F /* AppStateModels.swift in Sources */,
				100000000000000000000970 /* DownloadOutputServices.swift in Sources */,
);
			runOnlyForDeploymentPostprocessing = 0;
		};
		200000000000000000000701 /* Sources */ = {
			isa = PBXSourcesBuildPhase;
			buildActionMask = 2147483647;
			files = (
				200000000000000000000101 /* URLParserTests.swift in Sources */,
				200000000000000000000102 /* SettingsStoreTests.swift in Sources */,
				200000000000000000000103 /* OrpheusRunnerTests.swift in Sources */,
			);
			runOnlyForDeploymentPostprocessing = 0;
		};
/* End PBXSourcesBuildPhase section */

/* Begin PBXTargetDependency section */
		200000000000000000000801 /* PBXTargetDependency */ = {
			isa = PBXTargetDependency;
			target = 100000000000000000000501 /* OrpheusUI */;
			targetProxy = 200000000000000000000301 /* PBXContainerItemProxy */;
		};
/* End PBXTargetDependency section */

/* Begin XCBuildConfiguration section */
		100000000000000000000901 /* Debug */ = {
			isa = XCBuildConfiguration;
			buildSettings = {
				ALWAYS_SEARCH_USER_PATHS = NO;
				CLANG_ANALYZER_NONNULL = YES;
				CLANG_ANALYZER_NUMBER_OBJECT_CONVERSION = YES_AGGRESSIVE;
				CLANG_CXX_LANGUAGE_STANDARD = "gnu++20";
				CLANG_ENABLE_MODULES = YES;
				CLANG_ENABLE_OBJC_ARC = YES;
				CLANG_ENABLE_OBJC_WEAK = YES;
				CLANG_WARN_BLOCK_CAPTURE_AUTORELEASING = YES;
				CLANG_WARN_BOOL_CONVERSION = YES;
				CLANG_WARN_COMMA = YES;
				CLANG_WARN_CONSTANT_CONVERSION = YES;
				CLANG_WARN_DEPRECATED_OBJC_IMPLEMENTATIONS = YES;
				CLANG_WARN_DIRECT_OBJC_ISA_USAGE = YES_ERROR;
				CLANG_WARN_DOCUMENTATION_COMMENTS = YES;
				CLANG_WARN_EMPTY_BODY = YES;
				CLANG_WARN_ENUM_CONVERSION = YES;
				CLANG_WARN_INFINITE_RECURSION = YES;
				CLANG_WARN_INT_CONVERSION = YES;
				CLANG_WARN_NON_LITERAL_NULL_CONVERSION = YES;
				CLANG_WARN_OBJC_IMPLICIT_RETAIN_SELF = YES;
				CLANG_WARN_OBJC_LITERAL_CONVERSION = YES;
				CLANG_WARN_OBJC_ROOT_CLASS = YES_ERROR;
				CLANG_WARN_QUOTED_INCLUDE_IN_FRAMEWORK_HEADER = YES;
				CLANG_WARN_RANGE_LOOP_ANALYSIS = YES;
				CLANG_WARN_STRICT_PROTOTYPES = YES;
				CLANG_WARN_SUSPICIOUS_MOVE = YES;
				CLANG_WARN_UNGUARDED_AVAILABILITY = YES_AGGRESSIVE;
				CLANG_WARN_UNREACHABLE_CODE = YES;
				CLANG_WARN__DUPLICATE_METHOD_MATCH = YES;
				COPY_PHASE_STRIP = NO;
				DEBUG_INFORMATION_FORMAT = dwarf;
				ENABLE_STRICT_OBJC_MSGSEND = YES;
				ENABLE_TESTABILITY = YES;
				GCC_C_LANGUAGE_STANDARD = gnu17;
				GCC_DYNAMIC_NO_PIC = NO;
				GCC_NO_COMMON_BLOCKS = YES;
				GCC_OPTIMIZATION_LEVEL = 0;
				GCC_PREPROCESSOR_DEFINITIONS = (
					"DEBUG=1",
					"$(inherited)",
				);
				GCC_WARN_64_TO_32_BIT_CONVERSION = YES;
				GCC_WARN_ABOUT_RETURN_TYPE = YES_ERROR;
				GCC_WARN_UNDECLARED_SELECTOR = YES;
				GCC_WARN_UNINITIALIZED_AUTOS = YES_AGGRESSIVE;
				GCC_WARN_UNUSED_FUNCTION = YES;
				GCC_WARN_UNUSED_VARIABLE = YES;
				MACOSX_DEPLOYMENT_TARGET = 14.0;
				MTL_ENABLE_DEBUG_INFO = INCLUDE_SOURCE;
				MTL_FAST_MATH = YES;
				ONLY_ACTIVE_ARCH = YES;
				SDKROOT = macosx;
				SWIFT_ACTIVE_COMPILATION_CONDITIONS = DEBUG;
				SWIFT_OPTIMIZATION_LEVEL = "-Onone";
			};
			name = Debug;
		};
		100000000000000000000902 /* Release */ = {
			isa = XCBuildConfiguration;
			buildSettings = {
				ALWAYS_SEARCH_USER_PATHS = NO;
				CLANG_ANALYZER_NONNULL = YES;
				CLANG_ANALYZER_NUMBER_OBJECT_CONVERSION = YES_AGGRESSIVE;
				CLANG_CXX_LANGUAGE_STANDARD = "gnu++20";
				CLANG_ENABLE_MODULES = YES;
				CLANG_ENABLE_OBJC_ARC = YES;
				CLANG_ENABLE_OBJC_WEAK = YES;
				CLANG_WARN_BLOCK_CAPTURE_AUTORELEASING = YES;
				CLANG_WARN_BOOL_CONVERSION = YES;
				CLANG_WARN_COMMA = YES;
				CLANG_WARN_CONSTANT_CONVERSION = YES;
				CLANG_WARN_DEPRECATED_OBJC_IMPLEMENTATIONS = YES;
				CLANG_WARN_DIRECT_OBJC_ISA_USAGE = YES_ERROR;
				CLANG_WARN_DOCUMENTATION_COMMENTS = YES;
				CLANG_WARN_EMPTY_BODY = YES;
				CLANG_WARN_ENUM_CONVERSION = YES;
				CLANG_WARN_INFINITE_RECURSION = YES;
				CLANG_WARN_INT_CONVERSION = YES;
				CLANG_WARN_NON_LITERAL_NULL_CONVERSION = YES;
				CLANG_WARN_OBJC_IMPLICIT_RETAIN_SELF = YES;
				CLANG_WARN_OBJC_LITERAL_CONVERSION = YES;
				CLANG_WARN_OBJC_ROOT_CLASS = YES_ERROR;
				CLANG_WARN_QUOTED_INCLUDE_IN_FRAMEWORK_HEADER = YES;
				CLANG_WARN_RANGE_LOOP_ANALYSIS = YES;
				CLANG_WARN_STRICT_PROTOTYPES = YES;
				CLANG_WARN_SUSPICIOUS_MOVE = YES;
				CLANG_WARN_UNGUARDED_AVAILABILITY = YES_AGGRESSIVE;
				CLANG_WARN_UNREACHABLE_CODE = YES;
				CLANG_WARN__DUPLICATE_METHOD_MATCH = YES;
				COPY_PHASE_STRIP = NO;
				DEBUG_INFORMATION_FORMAT = "dwarf-with-dsym";
				ENABLE_NS_ASSERTIONS = NO;
				ENABLE_STRICT_OBJC_MSGSEND = YES;
				GCC_C_LANGUAGE_STANDARD = gnu17;
				GCC_NO_COMMON_BLOCKS = YES;
				GCC_WARN_64_TO_32_BIT_CONVERSION = YES;
				GCC_WARN_ABOUT_RETURN_TYPE = YES_ERROR;
				GCC_WARN_UNDECLARED_SELECTOR = YES;
				GCC_WARN_UNINITIALIZED_AUTOS = YES_AGGRESSIVE;
				GCC_WARN_UNUSED_FUNCTION = YES;
				GCC_WARN_UNUSED_VARIABLE = YES;
				MACOSX_DEPLOYMENT_TARGET = 14.0;
				MTL_ENABLE_DEBUG_INFO = NO;
				MTL_FAST_MATH = YES;
				SDKROOT = macosx;
				SWIFT_COMPILATION_MODE = wholemodule;
			};
			name = Release;
		};
		100000000000000000000903 /* Debug */ = {
			isa = XCBuildConfiguration;
			buildSettings = {
				CODE_SIGN_STYLE = Automatic;
				COMBINE_HIDPI_IMAGES = YES;
				ENABLE_APP_SANDBOX = NO;
				GENERATE_INFOPLIST_FILE = YES;
				INFOPLIST_KEY_CFBundleDisplayName = "Orpheus for Mac";
				INFOPLIST_KEY_CFBundleName = "Orpheus for Mac";
				INFOPLIST_KEY_LSApplicationCategoryType = "public.app-category.music";
				INFOPLIST_KEY_NSHighResolutionCapable = YES;
				LD_RUNPATH_SEARCH_PATHS = (
					"$(inherited)",
					"@executable_path/../Frameworks",
				);
				MACOSX_DEPLOYMENT_TARGET = 14.0;
				MARKETING_VERSION = 1.0;
				PRODUCT_BUNDLE_IDENTIFIER = com.local.OrpheusUI;
				PRODUCT_NAME = "$(TARGET_NAME)";
				SWIFT_EMIT_LOC_STRINGS = YES;
				SWIFT_VERSION = 5.0;
			};
			name = Debug;
		};
		100000000000000000000904 /* Release */ = {
			isa = XCBuildConfiguration;
			buildSettings = {
				CODE_SIGN_STYLE = Automatic;
				COMBINE_HIDPI_IMAGES = YES;
				ENABLE_APP_SANDBOX = NO;
				GENERATE_INFOPLIST_FILE = YES;
				INFOPLIST_KEY_CFBundleDisplayName = "Orpheus for Mac";
				INFOPLIST_KEY_CFBundleName = "Orpheus for Mac";
				INFOPLIST_KEY_LSApplicationCategoryType = "public.app-category.music";
				INFOPLIST_KEY_NSHighResolutionCapable = YES;
				LD_RUNPATH_SEARCH_PATHS = (
					"$(inherited)",
					"@executable_path/../Frameworks",
				);
				MACOSX_DEPLOYMENT_TARGET = 14.0;
				MARKETING_VERSION = 1.0;
				PRODUCT_BUNDLE_IDENTIFIER = com.local.OrpheusUI;
				PRODUCT_NAME = "$(TARGET_NAME)";
				SWIFT_EMIT_LOC_STRINGS = YES;
				SWIFT_VERSION = 5.0;
			};
			name = Release;
		};
		200000000000000000000A01 /* Debug */ = {
			isa = XCBuildConfiguration;
			buildSettings = {
				BUNDLE_LOADER = "$(TEST_HOST)";
				CODE_SIGN_STYLE = Automatic;
				COMBINE_HIDPI_IMAGES = YES;
				ENABLE_APP_SANDBOX = NO;
				GENERATE_INFOPLIST_FILE = YES;
				LD_RUNPATH_SEARCH_PATHS = (
					"$(inherited)",
					"@executable_path/../Frameworks",
					"@loader_path/../Frameworks",
				);
				MACOSX_DEPLOYMENT_TARGET = 14.0;
				PRODUCT_BUNDLE_IDENTIFIER = com.local.OrpheusUITests;
				PRODUCT_NAME = "$(TARGET_NAME)";
				SWIFT_VERSION = 5.0;
				TEST_HOST = "$(BUILT_PRODUCTS_DIR)/OrpheusUI.app/Contents/MacOS/OrpheusUI";
			};
			name = Debug;
		};
		200000000000000000000A02 /* Release */ = {
			isa = XCBuildConfiguration;
			buildSettings = {
				BUNDLE_LOADER = "$(TEST_HOST)";
				CODE_SIGN_STYLE = Automatic;
				COMBINE_HIDPI_IMAGES = YES;
				ENABLE_APP_SANDBOX = NO;
				GENERATE_INFOPLIST_FILE = YES;
				LD_RUNPATH_SEARCH_PATHS = (
					"$(inherited)",
					"@executable_path/../Frameworks",
					"@loader_path/../Frameworks",
				);
				MACOSX_DEPLOYMENT_TARGET = 14.0;
				PRODUCT_BUNDLE_IDENTIFIER = com.local.OrpheusUITests;
				PRODUCT_NAME = "$(TARGET_NAME)";
				SWIFT_VERSION = 5.0;
				TEST_HOST = "$(BUILT_PRODUCTS_DIR)/OrpheusUI.app/Contents/MacOS/OrpheusUI";
			};
			name = Release;
		};
/* End XCBuildConfiguration section */

/* Begin XCConfigurationList section */
		100000000000000000000701 /* Build configuration list for PBXNativeTarget "OrpheusUI" */ = {
			isa = XCConfigurationList;
			buildConfigurations = (
				100000000000000000000903 /* Debug */,
				100000000000000000000904 /* Release */,
			);
			defaultConfigurationIsVisible = 0;
			defaultConfigurationName = Release;
		};
		100000000000000000000702 /* Build configuration list for PBXProject "OrpheusUI" */ = {
			isa = XCConfigurationList;
			buildConfigurations = (
				100000000000000000000901 /* Debug */,
				100000000000000000000902 /* Release */,
			);
			defaultConfigurationIsVisible = 0;
			defaultConfigurationName = Release;
		};
		200000000000000000000901 /* Build configuration list for PBXNativeTarget "OrpheusUITests" */ = {
			isa = XCConfigurationList;
			buildConfigurations = (
				200000000000000000000A01 /* Debug */,
				200000000000000000000A02 /* Release */,
			);
			defaultConfigurationIsVisible = 0;
			defaultConfigurationName = Release;
		};
/* End XCConfigurationList section */
	};
	rootObject = 100000000000000000000801 /* Project object */;
}
